
Microsoft Visual Studio Solution File, Format Version 12.00
# Visual Studio Version 17
VisualStudioVersion = 17.10.35027.167
MinimumVisualStudioVersion = 10.0.40219.1
Project("{FAE04EC0-301F-11D3-BF4B-00C04F79EFBC}") = "ToDoList", "ToDoList.csproj", "{FEFAE1A8-CEAD-484C-828A-A024E751346E}"
EndProject
Global
	GlobalSection(SolutionConfigurationPlatforms) = preSolution
		Debug|Any CPU = Debug|Any CPU
		Release|Any CPU = Release|Any CPU
	EndGlobalSection
	GlobalSection(ProjectConfigurationPlatforms) = postSolution
		{FEFAE1A8-CEAD-484C-828A-A024E751346E}.Debug|Any CPU.ActiveCfg = Debug|Any CPU
		{FEFAE1A8-CEAD-484C-828A-A024E751346E}.Debug|Any CPU.Build.0 = Debug|Any CPU
		{FEFAE1A8-CEAD-484C-828A-A024E751346E}.Release|Any CPU.ActiveCfg = Release|Any CPU
		{FEFAE1A8-CEAD-484C-828A-A024E751346E}.Release|Any CPU.Build.0 = Release|Any CPU
	EndGlobalSection
	GlobalSection(SolutionProperties) = preSolution
		HideSolutionNode = FALSE
	EndGlobalSection
	GlobalSection(ExtensibilityGlobals) = postSolution
		SolutionGuid = {0330A562-FE55-40C3-94A0-F24245E1E6D9}
	EndGlobalSection
EndGlobal
